// !$*UTF8*$!
{
	archiveVersion = 1;
	classes = {
	};
	objectVersion = 50;
	objects = {

/* Begin PBXBuildFile section */
		180B4A2F22A209C200399C14 /* AppDelegate.swift in Sources */ = {isa = PBXBuildFile; fileRef = 180B4A2E22A209C200399C14 /* AppDelegate.swift */; };
		180B4A3122A209C200399C14 /* ViewController.swift in Sources */ = {isa = PBXBuildFile; fileRef = 180B4A3022A209C200399C14 /* ViewController.swift */; };
		180B4A3422A209C200399C14 /* Main.storyboard in Resources */ = {isa = PBXBuildFile; fileRef = 180B4A3222A209C200399C14 /* Main.storyboard */; };
		180B4A3622A209C300399C14 /* Assets.xcassets in Resources */ = {isa = PBXBuildFile; fileRef = 180B4A3522A209C300399C14 /* Assets.xcassets */; };
		180B4A3922A209C300399C14 /* LaunchScreen.storyboard in Resources */ = {isa = PBXBuildFile; fileRef = 180B4A3722A209C300399C14 /* LaunchScreen.storyboard */; };
		180B4A4722A230C700399C14 /* AViewController.swift in Sources */ = {isa = PBXBuildFile; fileRef = 180B4A4622A230C700399C14 /* AViewController.swift */; };
		180B4A4922A230D000399C14 /* BViewController.swift in Sources */ = {isa = PBXBuildFile; fileRef = 180B4A4822A230D000399C14 /* BViewController.swift */; };
		180B4A4F22A973DF00399C14 /* CViewController.swift in Sources */ = {isa = PBXBuildFile; fileRef = 180B4A4E22A973DF00399C14 /* CViewController.swift */; };
		8718D6EE22B39CF6001F8712 /* DBMiddleTabBarView.swift in Sources */ = {isa = PBXBuildFile; fileRef = 8718D6ED22B39CF6001F8712 /* DBMiddleTabBarView.swift */; };
		8718D6F222B39EFB001F8712 /* UIImage+extension.swift in Sources */ = {isa = PBXBuildFile; fileRef = 8718D6F122B39EFB001F8712 /* UIImage+extension.swift */; };
		8718D6F522B3A5C2001F8712 /* DBWelcomeViewController.swift in Sources */ = {isa = PBXBuildFile; fileRef = 8718D6F422B3A5C2001F8712 /* DBWelcomeViewController.swift */; };
		871D7D3C22B0D3C4009633BF /* UICollectionView+extension.swift in Sources */ = {isa = PBXBuildFile; fileRef = 871D7D3522B0D3C4009633BF /* UICollectionView+extension.swift */; };
		871D7D3D22B0D3C4009633BF /* UILabel+extension.swift in Sources */ = {isa = PBXBuildFile; fileRef = 871D7D3622B0D3C4009633BF /* UILabel+extension.swift */; };
		871D7D3E22B0D3C4009633BF /* UIView+extension.swift in Sources */ = {isa = PBXBuildFile; fileRef = 871D7D3722B0D3C4009633BF /* UIView+extension.swift */; };
		871D7D3F22B0D3C4009633BF /* UIImageView+extension.swift in Sources */ = {isa = PBXBuildFile; fileRef = 871D7D3822B0D3C4009633BF /* UIImageView+extension.swift */; };
		871D7D4022B0D3C4009633BF /* UITableView+extension.swift in Sources */ = {isa = PBXBuildFile; fileRef = 871D7D3922B0D3C4009633BF /* UITableView+extension.swift */; };
		871D7D4122B0D3C4009633BF /* UIButton+extension.swift in Sources */ = {isa = PBXBuildFile; fileRef = 871D7D3A22B0D3C4009633BF /* UIButton+extension.swift */; };
		871D7D4422B0D485009633BF /* Const.swift in Sources */ = {isa = PBXBuildFile; fileRef = 871D7D4322B0D485009633BF /* Const.swift */; };
		8725A2A522B76C44000EFC73 /* guideImage6.gif in Resources */ = {isa = PBXBuildFile; fileRef = 8725A2A222B76C43000EFC73 /* guideImage6.gif */; };
		8725A2A622B76C44000EFC73 /* guideImage8.gif in Resources */ = {isa = PBXBuildFile; fileRef = 8725A2A322B76C44000EFC73 /* guideImage8.gif */; };
		8725A2A722B76C44000EFC73 /* guideImage7.gif in Resources */ = {isa = PBXBuildFile; fileRef = 8725A2A422B76C44000EFC73 /* guideImage7.gif */; };
		8725A2AB22B79172000EFC73 /* welcome01@2x.png in Resources */ = {isa = PBXBuildFile; fileRef = 8725A2A922B79172000EFC73 /* welcome01@2x.png */; };
		8725A2AD22B7918B000EFC73 /* welcome02@2x.png in Resources */ = {isa = PBXBuildFile; fileRef = 8725A2AC22B7918B000EFC73 /* welcome02@2x.png */; };
		8725A2AF22B791AE000EFC73 /* welcome03@2x.png in Resources */ = {isa = PBXBuildFile; fileRef = 8725A2AE22B791AE000EFC73 /* welcome03@2x.png */; };
		8789C2CC22C2103D0097FAB5 /* CollectionHelper.swift in Sources */ = {isa = PBXBuildFile; fileRef = 8789C2CB22C2103D0097FAB5 /* CollectionHelper.swift */; };
		87AE655122C0725900053CBC /* DBWebViewController.swift in Sources */ = {isa = PBXBuildFile; fileRef = 87AE655022C0725900053CBC /* DBWebViewController.swift */; };
		87ED6F3B22ADDAC4009647C9 /* DBNavigationController.swift in Sources */ = {isa = PBXBuildFile; fileRef = 87ED6F3722ADDAC4009647C9 /* DBNavigationController.swift */; };
		87ED6F3C22ADDAC4009647C9 /* DBTabBarController.swift in Sources */ = {isa = PBXBuildFile; fileRef = 87ED6F3822ADDAC4009647C9 /* DBTabBarController.swift */; };
		87ED6F3D22ADDAC4009647C9 /* DBBaseViewController.swift in Sources */ = {isa = PBXBuildFile; fileRef = 87ED6F3922ADDAC4009647C9 /* DBBaseViewController.swift */; };
		87ED6F3F22ADDAF5009647C9 /* EquipmentInfoTools.swift in Sources */ = {isa = PBXBuildFile; fileRef = 87ED6F3E22ADDAF5009647C9 /* EquipmentInfoTools.swift */; };
		87ED6F4122AE04AB009647C9 /* TableViewHelper.swift in Sources */ = {isa = PBXBuildFile; fileRef = 87ED6F4022AE04AB009647C9 /* TableViewHelper.swift */; };
/* End PBXBuildFile section */

/* Begin PBXFileReference section */
		180B4A2B22A209C200399C14 /* db_swift_Kit.app */ = {isa = PBXFileReference; explicitFileType = wrapper.application; includeInIndex = 0; path = db_swift_Kit.app; sourceTree = BUILT_PRODUCTS_DIR; };
		180B4A2E22A209C200399C14 /* AppDelegate.swift */ = {isa = PBXFileReference; lastKnownFileType = sourcecode.swift; path = AppDelegate.swift; sourceTree = "<group>"; };
		180B4A3022A209C200399C14 /* ViewController.swift */ = {isa = PBXFileReference; lastKnownFileType = sourcecode.swift; path = ViewController.swift; sourceTree = "<group>"; };
		180B4A3322A209C200399C14 /* Base */ = {isa = PBXFileReference; lastKnownFileType = file.storyboard; name = Base; path = Base.lproj/Main.storyboard; sourceTree = "<group>"; };
		180B4A3522A209C300399C14 /* Assets.xcassets */ = {isa = PBXFileReference; lastKnownFileType = folder.assetcatalog; path = Assets.xcassets; sourceTree = "<group>"; };
		180B4A3822A209C300399C14 /* Base */ = {isa = PBXFileReference; lastKnownFileType = file.storyboard; name = Base; path = Base.lproj/LaunchScreen.storyboard; sourceTree = "<group>"; };
		180B4A3A22A209C300399C14 /* Info.plist */ = {isa = PBXFileReference; lastKnownFileType = text.plist.xml; path = Info.plist; sourceTree = "<group>"; };
		180B4A4622A230C700399C14 /* AViewController.swift */ = {isa = PBXFileReference; lastKnownFileType = sourcecode.swift; path = AViewController.swift; sourceTree = "<group>"; };
		180B4A4822A230D000399C14 /* BViewController.swift */ = {isa = PBXFileReference; lastKnownFileType = sourcecode.swift; path = BViewController.swift; sourceTree = "<group>"; };
		180B4A4E22A973DF00399C14 /* CViewController.swift */ = {isa = PBXFileReference; lastKnownFileType = sourcecode.swift; path = CViewController.swift; sourceTree = "<group>"; };
		8718D6ED22B39CF6001F8712 /* DBMiddleTabBarView.swift */ = {isa = PBXFileReference; lastKnownFileType = sourcecode.swift; path = DBMiddleTabBarView.swift; sourceTree = "<group>"; };
		8718D6F122B39EFB001F8712 /* UIImage+extension.swift */ = {isa = PBXFileReference; lastKnownFileType = sourcecode.swift; path = "UIImage+extension.swift"; sourceTree = "<group>"; };
		8718D6F422B3A5C2001F8712 /* DBWelcomeViewController.swift */ = {isa = PBXFileReference; lastKnownFileType = sourcecode.swift; path = DBWelcomeViewController.swift; sourceTree = "<group>"; };
		871D7D3522B0D3C4009633BF /* UICollectionView+extension.swift */ = {isa = PBXFileReference; fileEncoding = 4; lastKnownFileType = sourcecode.swift; path = "UICollectionView+extension.swift"; sourceTree = "<group>"; };
		871D7D3622B0D3C4009633BF /* UILabel+extension.swift */ = {isa = PBXFileReference; fileEncoding = 4; lastKnownFileType = sourcecode.swift; path = "UILabel+extension.swift"; sourceTree = "<group>"; };
		871D7D3722B0D3C4009633BF /* UIView+extension.swift */ = {isa = PBXFileReference; fileEncoding = 4; lastKnownFileType = sourcecode.swift; path = "UIView+extension.swift"; sourceTree = "<group>"; };
		871D7D3822B0D3C4009633BF /* UIImageView+extension.swift */ = {isa = PBXFileReference; fileEncoding = 4; lastKnownFileType = sourcecode.swift; path = "UIImageView+extension.swift"; sourceTree = "<group>"; };
		871D7D3922B0D3C4009633BF /* UITableView+extension.swift */ = {isa = PBXFileReference; fileEncoding = 4; lastKnownFileType = sourcecode.swift; path = "UITableView+extension.swift"; sourceTree = "<group>"; };
		871D7D3A22B0D3C4009633BF /* UIButton+extension.swift */ = {isa = PBXFileReference; fileEncoding = 4; lastKnownFileType = sourcecode.swift; path = "UIButton+extension.swift"; sourceTree = "<group>"; };
		871D7D4322B0D485009633BF /* Const.swift */ = {isa = PBXFileReference; fileEncoding = 4; lastKnownFileType = sourcecode.swift; path = Const.swift; sourceTree = "<group>"; };
		8725A2A222B76C43000EFC73 /* guideImage6.gif */ = {isa = PBXFileReference; lastKnownFileType = image.gif; path = guideImage6.gif; sourceTree = "<group>"; };
		8725A2A322B76C44000EFC73 /* guideImage8.gif */ = {isa = PBXFileReference; lastKnownFileType = image.gif; path = guideImage8.gif; sourceTree = "<group>"; };
		8725A2A422B76C44000EFC73 /* guideImage7.gif */ = {isa = PBXFileReference; lastKnownFileType = image.gif; path = guideImage7.gif; sourceTree = "<group>"; };
		8725A2A922B79172000EFC73 /* welcome01@2x.png */ = {isa = PBXFileReference; lastKnownFileType = image.png; path = "welcome01@2x.png"; sourceTree = "<group>"; };
		8725A2AC22B7918B000EFC73 /* welcome02@2x.png */ = {isa = PBXFileReference; lastKnownFileType = image.png; path = "welcome02@2x.png"; sourceTree = "<group>"; };
		8725A2AE22B791AE000EFC73 /* welcome03@2x.png */ = {isa = PBXFileReference; lastKnownFileType = image.png; path = "welcome03@2x.png"; sourceTree = "<group>"; };
		8789C2CB22C2103D0097FAB5 /* CollectionHelper.swift */ = {isa = PBXFileReference; lastKnownFileType = sourcecode.swift; path = CollectionHelper.swift; sourceTree = "<group>"; };
		87AE655022C0725900053CBC /* DBWebViewController.swift */ = {isa = PBXFileReference; lastKnownFileType = sourcecode.swift; path = DBWebViewController.swift; sourceTree = "<group>"; };
		87ED6F3722ADDAC4009647C9 /* DBNavigationController.swift */ = {isa = PBXFileReference; fileEncoding = 4; lastKnownFileType = sourcecode.swift; path = DBNavigationController.swift; sourceTree = "<group>"; };
		87ED6F3822ADDAC4009647C9 /* DBTabBarController.swift */ = {isa = PBXFileReference; fileEncoding = 4; lastKnownFileType = sourcecode.swift; path = DBTabBarController.swift; sourceTree = "<group>"; };
		87ED6F3922ADDAC4009647C9 /* DBBaseViewController.swift */ = {isa = PBXFileReference; fileEncoding = 4; lastKnownFileType = sourcecode.swift; path = DBBaseViewController.swift; sourceTree = "<group>"; };
		87ED6F3E22ADDAF5009647C9 /* EquipmentInfoTools.swift */ = {isa = PBXFileReference; lastKnownFileType = sourcecode.swift; path = EquipmentInfoTools.swift; sourceTree = "<group>"; };
		87ED6F4022AE04AB009647C9 /* TableViewHelper.swift */ = {isa = PBXFileReference; lastKnownFileType = sourcecode.swift; path = TableViewHelper.swift; sourceTree = "<group>"; };
/* End PBXFileReference section */

/* Begin PBXFrameworksBuildPhase section */
		180B4A2822A209C200399C14 /* Frameworks */ = {
			isa = PBXFrameworksBuildPhase;
			buildActionMask = 2147483647;
			files = (
			);
			runOnlyForDeploymentPostprocessing = 0;
		};
/* End PBXFrameworksBuildPhase section */

/* Begin PBXGroup section */
		180B4A2222A209C200399C14 = {
			isa = PBXGroup;
			children = (
				180B4A2D22A209C200399C14 /* db_swift_Kit */,
				180B4A2C22A209C200399C14 /* Products */,
			);
			sourceTree = "<group>";
		};
		180B4A2C22A209C200399C14 /* Products */ = {
			isa = PBXGroup;
			children = (
				180B4A2B22A209C200399C14 /* db_swift_Kit.app */,
			);
			name = Products;
			sourceTree = "<group>";
		};
		180B4A2D22A209C200399C14 /* db_swift_Kit */ = {
			isa = PBXGroup;
			children = (
				8725A2A922B79172000EFC73 /* welcome01@2x.png */,
				8725A2AC22B7918B000EFC73 /* welcome02@2x.png */,
				8725A2AE22B791AE000EFC73 /* welcome03@2x.png */,
				8725A2A222B76C43000EFC73 /* guideImage6.gif */,
				8725A2A422B76C44000EFC73 /* guideImage7.gif */,
				8725A2A322B76C44000EFC73 /* guideImage8.gif */,
				8718D6F322B3A3E6001F8712 /* Custom(自定义控件) */,
				871D7D3422B0D390009633BF /* Category(分类) */,
				87ED6F3622ADDAC4009647C9 /* Main(基础父类) */,
				8718D6C422B343FC001F8712 /* Middleware(中间件) */,
				87ED6F3A22ADDAC4009647C9 /* Tools(工具类) */,
				180B4A2E22A209C200399C14 /* AppDelegate.swift */,
				180B4A3022A209C200399C14 /* ViewController.swift */,
				180B4A4622A230C700399C14 /* AViewController.swift */,
				180B4A4822A230D000399C14 /* BViewController.swift */,
				180B4A4E22A973DF00399C14 /* CViewController.swift */,
				180B4A3222A209C200399C14 /* Main.storyboard */,
				180B4A3522A209C300399C14 /* Assets.xcassets */,
				180B4A3722A209C300399C14 /* LaunchScreen.storyboard */,
				180B4A3A22A209C300399C14 /* Info.plist */,
			);
			path = db_swift_Kit;
			sourceTree = "<group>";
		};
		8718D6C422B343FC001F8712 /* Middleware(中间件) */ = {
			isa = PBXGroup;
			children = (
				87ED6F4022AE04AB009647C9 /* TableViewHelper.swift */,
				8789C2CB22C2103D0097FAB5 /* CollectionHelper.swift */,
			);
			name = "Middleware(中间件)";
			path = "db_swift_Kit/Middleware(中间件)";
			sourceTree = SOURCE_ROOT;
		};
		8718D6F322B3A3E6001F8712 /* Custom(自定义控件) */ = {
			isa = PBXGroup;
			children = (
				8718D6ED22B39CF6001F8712 /* DBMiddleTabBarView.swift */,
			);
			path = "Custom(自定义控件)";
			sourceTree = "<group>";
		};
		871D7D3422B0D390009633BF /* Category(分类) */ = {
			isa = PBXGroup;
			children = (
				871D7D3A22B0D3C4009633BF /* UIButton+extension.swift */,
				871D7D3522B0D3C4009633BF /* UICollectionView+extension.swift */,
				871D7D3822B0D3C4009633BF /* UIImageView+extension.swift */,
				871D7D3622B0D3C4009633BF /* UILabel+extension.swift */,
				871D7D3922B0D3C4009633BF /* UITableView+extension.swift */,
				871D7D3722B0D3C4009633BF /* UIView+extension.swift */,
				8718D6F122B39EFB001F8712 /* UIImage+extension.swift */,
			);
			path = "Category(分类)";
			sourceTree = "<group>";
		};
		87ED6F3622ADDAC4009647C9 /* Main(基础父类) */ = {
			isa = PBXGroup;
			children = (
				87ED6F3722ADDAC4009647C9 /* DBNavigationController.swift */,
				87ED6F3822ADDAC4009647C9 /* DBTabBarController.swift */,
				87ED6F3922ADDAC4009647C9 /* DBBaseViewController.swift */,
				8718D6F422B3A5C2001F8712 /* DBWelcomeViewController.swift */,
				87AE655022C0725900053CBC /* DBWebViewController.swift */,
			);
			path = "Main(基础父类)";
			sourceTree = "<group>";
		};
		87ED6F3A22ADDAC4009647C9 /* Tools(工具类) */ = {
			isa = PBXGroup;
			children = (
				871D7D4322B0D485009633BF /* Const.swift */,
				87ED6F3E22ADDAF5009647C9 /* EquipmentInfoTools.swift */,
			);
			path = "Tools(工具类)";
			sourceTree = "<group>";
		};
/* End PBXGroup section */

/* Begin PBXNativeTarget section */
		180B4A2A22A209C200399C14 /* db_swift_Kit */ = {
			isa = PBXNativeTarget;
			buildConfigurationList = 180B4A3D22A209C300399C14 /* Build configuration list for PBXNativeTarget "db_swift_Kit" */;
			buildPhases = (
				180B4A2722A209C200399C14 /* Sources */,
				180B4A2822A209C200399C14 /* Frameworks */,
				180B4A2922A209C200399C14 /* Resources */,
			);
			buildRules = (
			);
			dependencies = (
			);
			name = db_swift_Kit;
			productName = db_swift_Kit;
			productReference = 180B4A2B22A209C200399C14 /* db_swift_Kit.app */;
			productType = "com.apple.product-type.application";
		};
/* End PBXNativeTarget section */

/* Begin PBXProject section */
		180B4A2322A209C200399C14 /* Project object */ = {
			isa = PBXProject;
			attributes = {
				CLASSPREFIX = "";
				LastSwiftUpdateCheck = 1020;
				LastUpgradeCheck = 1020;
				ORGANIZATIONNAME = cyan;
				TargetAttributes = {
					180B4A2A22A209C200399C14 = {
						CreatedOnToolsVersion = 10.2.1;
					};
				};
			};
			buildConfigurationList = 180B4A2622A209C200399C14 /* Build configuration list for PBXProject "db_swift_Kit" */;
			compatibilityVersion = "Xcode 9.3";
			developmentRegion = en;
			hasScannedForEncodings = 0;
			knownRegions = (
				en,
				Base,
			);
			mainGroup = 180B4A2222A209C200399C14;
			productRefGroup = 180B4A2C22A209C200399C14 /* Products */;
			projectDirPath = "";
			projectRoot = "";
			targets = (
				180B4A2A22A209C200399C14 /* db_swift_Kit */,
			);
		};
/* End PBXProject section */

/* Begin PBXResourcesBuildPhase section */
		180B4A2922A209C200399C14 /* Resources */ = {
			isa = PBXResourcesBuildPhase;
			buildActionMask = 2147483647;
			files = (
				180B4A3922A209C300399C14 /* LaunchScreen.storyboard in Resources */,
				8725A2A622B76C44000EFC73 /* guideImage8.gif in Resources */,
				8725A2AD22B7918B000EFC73 /* welcome02@2x.png in Resources */,
				8725A2AB22B79172000EFC73 /* welcome01@2x.png in Resources */,
				180B4A3622A209C300399C14 /* Assets.xcassets in Resources */,
				8725A2A722B76C44000EFC73 /* guideImage7.gif in Resources */,
				8725A2A522B76C44000EFC73 /* guideImage6.gif in Resources */,
				180B4A3422A209C200399C14 /* Main.storyboard in Resources */,
				8725A2AF22B791AE000EFC73 /* welcome03@2x.png in Resources */,
			);
			runOnlyForDeploymentPostprocessing = 0;
		};
/* End PBXResourcesBuildPhase section */

/* Begin PBXSourcesBuildPhase section */
		180B4A2722A209C200399C14 /* Sources */ = {
			isa = PBXSourcesBuildPhase;
			buildActionMask = 2147483647;
			files = (
				87ED6F3C22ADDAC4009647C9 /* DBTabBarController.swift in Sources */,
				180B4A4722A230C700399C14 /* AViewController.swift in Sources */,
				87ED6F3B22ADDAC4009647C9 /* DBNavigationController.swift in Sources */,
				87ED6F4122AE04AB009647C9 /* TableViewHelper.swift in Sources */,
				871D7D3E22B0D3C4009633BF /* UIView+extension.swift in Sources */,
				8718D6F522B3A5C2001F8712 /* DBWelcomeViewController.swift in Sources */,
				871D7D4122B0D3C4009633BF /* UIButton+extension.swift in Sources */,
				8789C2CC22C2103D0097FAB5 /* CollectionHelper.swift in Sources */,
				871D7D4422B0D485009633BF /* Const.swift in Sources */,
				8718D6EE22B39CF6001F8712 /* DBMiddleTabBarView.swift in Sources */,
				871D7D3C22B0D3C4009633BF /* UICollectionView+extension.swift in Sources */,
				180B4A4F22A973DF00399C14 /* CViewController.swift in Sources */,
				87ED6F3F22ADDAF5009647C9 /* EquipmentInfoTools.swift in Sources */,
				180B4A3122A209C200399C14 /* ViewController.swift in Sources */,
				87AE655122C0725900053CBC /* DBWebViewController.swift in Sources */,
				871D7D3D22B0D3C4009633BF /* UILabel+extension.swift in Sources */,
				87ED6F3D22ADDAC4009647C9 /* DBBaseViewController.swift in Sources */,
				8718D6F222B39EFB001F8712 /* UIImage+extension.swift in Sources */,
				180B4A2F22A209C200399C14 /* AppDelegate.swift in Sources */,
				871D7D4022B0D3C4009633BF /* UITableView+extension.swift in Sources */,
				871D7D3F22B0D3C4009633BF /* UIImageView+extension.swift in Sources */,
				180B4A4922A230D000399C14 /* BViewController.swift in Sources */,
			);
			runOnlyForDeploymentPostprocessing = 0;
		};
/* End PBXSourcesBuildPhase section */

/* Begin PBXVariantGroup section */
		180B4A3222A209C200399C14 /* Main.storyboard */ = {
			isa = PBXVariantGroup;
			children = (
				180B4A3322A209C200399C14 /* Base */,
			);
			name = Main.storyboard;
			sourceTree = "<group>";
		};
		180B4A3722A209C300399C14 /* LaunchScreen.storyboard */ = {
			isa = PBXVariantGroup;
			children = (
				180B4A3822A209C300399C14 /* Base */,
			);
			name = LaunchScreen.storyboard;
			sourceTree = "<group>";
		};
/* End PBXVariantGroup section */

/* Begin XCBuildConfiguration section */
		180B4A3B22A209C300399C14 /* Debug */ = {
			isa = XCBuildConfiguration;
			buildSettings = {
				ALWAYS_SEARCH_USER_PATHS = NO;
				CLANG_ANALYZER_NONNULL = YES;
				CLANG_ANALYZER_NUMBER_OBJECT_CONVERSION = YES_AGGRESSIVE;
				CLANG_CXX_LANGUAGE_STANDARD = "gnu++14";
				CLANG_CXX_LIBRARY = "libc++";
				CLANG_ENABLE_MODULES = YES;
				CLANG_ENABLE_OBJC_ARC = YES;
				CLANG_ENABLE_OBJC_WEAK = YES;
				CLANG_WARN_BLOCK_CAPTURE_AUTORELEASING = YES;
				CLANG_WARN_BOOL_CONVERSION = YES;
				CLANG_WARN_COMMA = YES;
				CLANG_WARN_CONSTANT_CONVERSION = YES;
				CLANG_WARN_DEPRECATED_OBJC_IMPLEMENTATIONS = YES;
				CLANG_WARN_DIRECT_OBJC_ISA_USAGE = YES_ERROR;
				CLANG_WARN_DOCUMENTATION_COMMENTS = YES;
				CLANG_WARN_EMPTY_BODY = YES;
				CLANG_WARN_ENUM_CONVERSION = YES;
				CLANG_WARN_INFINITE_RECURSION = YES;
				CLANG_WARN_INT_CONVERSION = YES;
				CLANG_WARN_NON_LITERAL_NULL_CONVERSION = YES;
				CLANG_WARN_OBJC_IMPLICIT_RETAIN_SELF = YES;
				CLANG_WARN_OBJC_LITERAL_CONVERSION = YES;
				CLANG_WARN_OBJC_ROOT_CLASS = YES_ERROR;
				CLANG_WARN_RANGE_LOOP_ANALYSIS = YES;
				CLANG_WARN_STRICT_PROTOTYPES = YES;
				CLANG_WARN_SUSPICIOUS_MOVE = YES;
				CLANG_WARN_UNGUARDED_AVAILABILITY = YES_AGGRESSIVE;
				CLANG_WARN_UNREACHABLE_CODE = YES;
				CLANG_WARN__DUPLICATE_METHOD_MATCH = YES;
				CODE_SIGN_IDENTITY = "iPhone Developer";
				COPY_PHASE_STRIP = NO;
				DEBUG_INFORMATION_FORMAT = dwarf;
				ENABLE_STRICT_OBJC_MSGSEND = YES;
				ENABLE_TESTABILITY = YES;
				GCC_C_LANGUAGE_STANDARD = gnu11;
				GCC_DYNAMIC_NO_PIC = NO;
				GCC_NO_COMMON_BLOCKS = YES;
				GCC_OPTIMIZATION_LEVEL = 0;
				GCC_PREPROCESSOR_DEFINITIONS = (
					"DEBUG=1",
					"$(inherited)",
				);
				GCC_WARN_64_TO_32_BIT_CONVERSION = YES;
				GCC_WARN_ABOUT_RETURN_TYPE = YES_ERROR;
				GCC_WARN_UNDECLARED_SELECTOR = YES;
				GCC_WARN_UNINITIALIZED_AUTOS = YES_AGGRESSIVE;
				GCC_WARN_UNUSED_FUNCTION = YES;
				GCC_WARN_UNUSED_VARIABLE = YES;
				IPHONEOS_DEPLOYMENT_TARGET = 12.2;
				MTL_ENABLE_DEBUG_INFO = INCLUDE_SOURCE;
				MTL_FAST_MATH = YES;
				ONLY_ACTIVE_ARCH = YES;
				SDKROOT = iphoneos;
				SWIFT_ACTIVE_COMPILATION_CONDITIONS = DEBUG;
				SWIFT_OPTIMIZATION_LEVEL = "-Onone";
			};
			name = Debug;
		};
		180B4A3C22A209C300399C14 /* Release */ = {
			isa = XCBuildConfiguration;
			buildSettings = {
				ALWAYS_SEARCH_USER_PATHS = NO;
				CLANG_ANALYZER_NONNULL = YES;
				CLANG_ANALYZER_NUMBER_OBJECT_CONVERSION = YES_AGGRESSIVE;
				CLANG_CXX_LANGUAGE_STANDARD = "gnu++14";
				CLANG_CXX_LIBRARY = "libc++";
				CLANG_ENABLE_MODULES = YES;
				CLANG_ENABLE_OBJC_ARC = YES;
				CLANG_ENABLE_OBJC_WEAK = YES;
				CLANG_WARN_BLOCK_CAPTURE_AUTORELEASING = YES;
				CLANG_WARN_BOOL_CONVERSION = YES;
				CLANG_WARN_COMMA = YES;
				CLANG_WARN_CONSTANT_CONVERSION = YES;
				CLANG_WARN_DEPRECATED_OBJC_IMPLEMENTATIONS = YES;
				CLANG_WARN_DIRECT_OBJC_ISA_USAGE = YES_ERROR;
				CLANG_WARN_DOCUMENTATION_COMMENTS = YES;
				CLANG_WARN_EMPTY_BODY = YES;
				CLANG_WARN_ENUM_CONVERSION = YES;
				CLANG_WARN_INFINITE_RECURSION = YES;
				CLANG_WARN_INT_CONVERSION = YES;
				CLANG_WARN_NON_LITERAL_NULL_CONVERSION = YES;
				CLANG_WARN_OBJC_IMPLICIT_RETAIN_SELF = YES;
				CLANG_WARN_OBJC_LITERAL_CONVERSION = YES;
				CLANG_WARN_OBJC_ROOT_CLASS = YES_ERROR;
				CLANG_WARN_RANGE_LOOP_ANALYSIS = YES;
				CLANG_WARN_STRICT_PROTOTYPES = YES;
				CLANG_WARN_SUSPICIOUS_MOVE = YES;
				CLANG_WARN_UNGUARDED_AVAILABILITY = YES_AGGRESSIVE;
				CLANG_WARN_UNREACHABLE_CODE = YES;
				CLANG_WARN__DUPLICATE_METHOD_MATCH = YES;
				CODE_SIGN_IDENTITY = "iPhone Developer";
				COPY_PHASE_STRIP = NO;
				DEBUG_INFORMATION_FORMAT = "dwarf-with-dsym";
				ENABLE_NS_ASSERTIONS = NO;
				ENABLE_STRICT_OBJC_MSGSEND = YES;
				GCC_C_LANGUAGE_STANDARD = gnu11;
				GCC_NO_COMMON_BLOCKS = YES;
				GCC_WARN_64_TO_32_BIT_CONVERSION = YES;
				GCC_WARN_ABOUT_RETURN_TYPE = YES_ERROR;
				GCC_WARN_UNDECLARED_SELECTOR = YES;
				GCC_WARN_UNINITIALIZED_AUTOS = YES_AGGRESSIVE;
				GCC_WARN_UNUSED_FUNCTION = YES;
				GCC_WARN_UNUSED_VARIABLE = YES;
				IPHONEOS_DEPLOYMENT_TARGET = 12.2;
				MTL_ENABLE_DEBUG_INFO = NO;
				MTL_FAST_MATH = YES;
				SDKROOT = iphoneos;
				SWIFT_COMPILATION_MODE = wholemodule;
				SWIFT_OPTIMIZATION_LEVEL = "-O";
				VALIDATE_PRODUCT = YES;
			};
			name = Release;
		};
		180B4A3E22A209C300399C14 /* Debug */ = {
			isa = XCBuildConfiguration;
			buildSettings = {
				ASSETCATALOG_COMPILER_APPICON_NAME = AppIcon;
				CODE_SIGN_STYLE = Automatic;
				DEVELOPMENT_TEAM = BCE6JQD32N;
				INFOPLIST_FILE = db_swift_Kit/Info.plist;
				IPHONEOS_DEPLOYMENT_TARGET = 11.1;
				LD_RUNPATH_SEARCH_PATHS = (
					"$(inherited)",
					"@executable_path/Frameworks",
				);
				PRODUCT_BUNDLE_IDENTIFIER = "cyan.db-swift-Kit";
				PRODUCT_NAME = "$(TARGET_NAME)";
				SWIFT_VERSION = 4.2;
				TARGETED_DEVICE_FAMILY = "1,2";
			};
			name = Debug;
		};
		180B4A3F22A209C300399C14 /* Release */ = {
			isa = XCBuildConfiguration;
			buildSettings = {
				ASSETCATALOG_COMPILER_APPICON_NAME = AppIcon;
				CODE_SIGN_STYLE = Automatic;
				DEVELOPMENT_TEAM = BCE6JQD32N;
				INFOPLIST_FILE = db_swift_Kit/Info.plist;
				IPHONEOS_DEPLOYMENT_TARGET = 11.1;
				LD_RUNPATH_SEARCH_PATHS = (
					"$(inherited)",
					"@executable_path/Frameworks",
				);
				PRODUCT_BUNDLE_IDENTIFIER = "cyan.db-swift-Kit";
				PRODUCT_NAME = "$(TARGET_NAME)";
				SWIFT_VERSION = 4.2;
				TARGETED_DEVICE_FAMILY = "1,2";
			};
			name = Release;
		};
/* End XCBuildConfiguration section */

/* Begin XCConfigurationList section */
		180B4A2622A209C200399C14 /* Build configuration list for PBXProject "db_swift_Kit" */ = {
			isa = XCConfigurationList;
			buildConfigurations = (
				180B4A3B22A209C300399C14 /* Debug */,
				180B4A3C22A209C300399C14 /* Release */,
			);
			defaultConfigurationIsVisible = 0;
			defaultConfigurationName = Release;
		};
		180B4A3D22A209C300399C14 /* Build configuration list for PBXNativeTarget "db_swift_Kit" */ = {
			isa = XCConfigurationList;
			buildConfigurations = (
				180B4A3E22A209C300399C14 /* Debug */,
				180B4A3F22A209C300399C14 /* Release */,
			);
			defaultConfigurationIsVisible = 0;
			defaultConfigurationName = Release;
		};
/* End XCConfigurationList section */
	};
	rootObject = 180B4A2322A209C200399C14 /* Project object */;
}
